// !$*UTF8*$!
{
	archiveVersion = 1;
	classes = {
	};
	objectVersion = 46;
	objects = {

/* Begin PBXBuildFile section */
		365566E11B230E2200D92521 /* AppDelegate.swift in Sources */ = {isa = PBXBuildFile; fileRef = 365566E01B230E2200D92521 /* AppDelegate.swift */; };
		365566E41B230E2200D92521 /* MyVideoApp.xcdatamodeld in Sources */ = {isa = PBXBuildFile; fileRef = 365566E21B230E2200D92521 /* MyVideoApp.xcdatamodeld */; };
		365566E61B230E2200D92521 /* ViewController.swift in Sources */ = {isa = PBXBuildFile; fileRef = 365566E51B230E2200D92521 /* ViewController.swift */; };
		365566E91B230E2200D92521 /* Main.storyboard in Resources */ = {isa = PBXBuildFile; fileRef = 365566E71B230E2200D92521 /* Main.storyboard */; };
		365566EB1B230E2200D92521 /* Images.xcassets in Resources */ = {isa = PBXBuildFile; fileRef = 365566EA1B230E2200D92521 /* Images.xcassets */; };
		365566EE1B230E2200D92521 /* LaunchScreen.xib in Resources */ = {isa = PBXBuildFile; fileRef = 365566EC1B230E2200D92521 /* LaunchScreen.xib */; };
		365566FA1B230E2200D92521 /* MyVideoAppTests.swift in Sources */ = {isa = PBXBuildFile; fileRef = 365566F91B230E2200D92521 /* MyVideoAppTests.swift */; };
		365567041B230EA500D92521 /* VideoTableViewController.swift in Sources */ = {isa = PBXBuildFile; fileRef = 365567031B230EA500D92521 /* VideoTableViewController.swift */; };
		365567061B230FF200D92521 /* Video.swift in Sources */ = {isa = PBXBuildFile; fileRef = 365567051B230FF200D92521 /* Video.swift */; };
		365567081B23651400D92521 /* MediaPlayer.framework in Frameworks */ = {isa = PBXBuildFile; fileRef = 365567071B23651400D92521 /* MediaPlayer.framework */; };
/* End PBXBuildFile section */

/* Begin PBXContainerItemProxy section */
		365566F41B230E2200D92521 /* PBXContainerItemProxy */ = {
			isa = PBXContainerItemProxy;
			containerPortal = 365566D31B230E2200D92521 /* Project object */;
			proxyType = 1;
			remoteGlobalIDString = 365566DA1B230E2200D92521;
			remoteInfo = MyVideoApp;
		};
/* End PBXContainerItemProxy section */

/* Begin PBXFileReference section */
		365566DB1B230E2200D92521 /* MyVideoApp.app */ = {isa = PBXFileReference; explicitFileType = wrapper.application; includeInIndex = 0; path = MyVideoApp.app; sourceTree = BUILT_PRODUCTS_DIR; };
		365566DF1B230E2200D92521 /* Info.plist */ = {isa = PBXFileReference; lastKnownFileType = text.plist.xml; path = Info.plist; sourceTree = "<group>"; };
		365566E01B230E2200D92521 /* AppDelegate.swift */ = {isa = PBXFileReference; lastKnownFileType = sourcecode.swift; path = AppDelegate.swift; sourceTree = "<group>"; };
		365566E31B230E2200D92521 /* MyVideoApp.xcdatamodel */ = {isa = PBXFileReference; lastKnownFileType = wrapper.xcdatamodel; path = MyVideoApp.xcdatamodel; sourceTree = "<group>"; };
		365566E51B230E2200D92521 /* ViewController.swift */ = {isa = PBXFileReference; lastKnownFileType = sourcecode.swift; path = ViewController.swift; sourceTree = "<group>"; };
		365566E81B230E2200D92521 /* Base */ = {isa = PBXFileReference; lastKnownFileType = file.storyboard; name = Base; path = Base.lproj/Main.storyboard; sourceTree = "<group>"; };
		365566EA1B230E2200D92521 /* Images.xcassets */ = {isa = PBXFileReference; lastKnownFileType = folder.assetcatalog; path = Images.xcassets; sourceTree = "<group>"; };
		365566ED1B230E2200D92521 /* Base */ = {isa = PBXFileReference; lastKnownFileType = file.xib; name = Base; path = Base.lproj/LaunchScreen.xib; sourceTree = "<group>"; };
		365566F31B230E2200D92521 /* MyVideoAppTests.xctest */ = {isa = PBXFileReference; explicitFileType = wrapper.cfbundle; includeInIndex = 0; path = MyVideoAppTests.xctest; sourceTree = BUILT_PRODUCTS_DIR; };
		365566F81B230E2200D92521 /* Info.plist */ = {isa = PBXFileReference; lastKnownFileType = text.plist.xml; path = Info.plist; sourceTree = "<group>"; };
		365566F91B230E2200D92521 /* MyVideoAppTests.swift */ = {isa = PBXFileReference; lastKnownFileType = sourcecode.swift; path = MyVideoAppTests.swift; sourceTree = "<group>"; };
		365567031B230EA500D92521 /* VideoTableViewController.swift */ = {isa = PBXFileReference; fileEncoding = 4; lastKnownFileType = sourcecode.swift; path = VideoTableViewController.swift; sourceTree = "<group>"; };
		365567051B230FF200D92521 /* Video.swift */ = {isa = PBXFileReference; fileEncoding = 4; lastKnownFileType = sourcecode.swift; path = Video.swift; sourceTree = "<group>"; };
		365567071B23651400D92521 /* MediaPlayer.framework */ = {isa = PBXFileReference; lastKnownFileType = wrapper.framework; name = MediaPlayer.framework; path = System/Library/Frameworks/MediaPlayer.framework; sourceTree = SDKROOT; };
/* End PBXFileReference section */

/* Begin PBXFrameworksBuildPhase section */
		365566D81B230E2200D92521 /* Frameworks */ = {
			isa = PBXFrameworksBuildPhase;
			buildActionMask = 2147483647;
			files = (
				365567081B23651400D92521 /* MediaPlayer.framework in Frameworks */,
			);
			runOnlyForDeploymentPostprocessing = 0;
		};
		365566F01B230E2200D92521 /* Frameworks */ = {
			isa = PBXFrameworksBuildPhase;
			buildActionMask = 2147483647;
			files = (
			);
			runOnlyForDeploymentPostprocessing = 0;
		};
/* End PBXFrameworksBuildPhase section */

/* Begin PBXGroup section */
		365566D21B230E2200D92521 = {
			isa = PBXGroup;
			children = (
				365567071B23651400D92521 /* MediaPlayer.framework */,
				365566DD1B230E2200D92521 /* MyVideoApp */,
				365566F61B230E2200D92521 /* MyVideoAppTests */,
				365566DC1B230E2200D92521 /* Products */,
			);
			sourceTree = "<group>";
		};
		365566DC1B230E2200D92521 /* Products */ = {
			isa = PBXGroup;
			children = (
				365566DB1B230E2200D92521 /* MyVideoApp.app */,
				365566F31B230E2200D92521 /* MyVideoAppTests.xctest */,
			);
			name = Products;
			sourceTree = "<group>";
		};
		365566DD1B230E2200D92521 /* MyVideoApp */ = {
			isa = PBXGroup;
			children = (
				365567051B230FF200D92521 /* Video.swift */,
				365566E01B230E2200D92521 /* AppDelegate.swift */,
				365566E51B230E2200D92521 /* ViewController.swift */,
				365566E71B230E2200D92521 /* Main.storyboard */,
				365566EA1B230E2200D92521 /* Images.xcassets */,
				365566EC1B230E2200D92521 /* LaunchScreen.xib */,
				365566E21B230E2200D92521 /* MyVideoApp.xcdatamodeld */,
				365566DE1B230E2200D92521 /* Supporting Files */,
				365567031B230EA500D92521 /* VideoTableViewController.swift */,
			);
			path = MyVideoApp;
			sourceTree = "<group>";
		};
		365566DE1B230E2200D92521 /* Supporting Files */ = {
			isa = PBXGroup;
			children = (
				365566DF1B230E2200D92521 /* Info.plist */,
			);
			name = "Supporting Files";
			sourceTree = "<group>";
		};
		365566F61B230E2200D92521 /* MyVideoAppTests */ = {
			isa = PBXGroup;
			children = (
				365566F91B230E2200D92521 /* MyVideoAppTests.swift */,
				365566F71B230E2200D92521 /* Supporting Files */,
			);
			path = MyVideoAppTests;
			sourceTree = "<group>";
		};
		365566F71B230E2200D92521 /* Supporting Files */ = {
			isa = PBXGroup;
			children = (
				365566F81B230E2200D92521 /* Info.plist */,
			);
			name = "Supporting Files";
			sourceTree = "<group>";
		};
/* End PBXGroup section */

/* Begin PBXNativeTarget section */
		365566DA1B230E2200D92521 /* MyVideoApp */ = {
			isa = PBXNativeTarget;
			buildConfigurationList = 365566FD1B230E2200D92521 /* Build configuration list for PBXNativeTarget "MyVideoApp" */;
			buildPhases = (
				365566D71B230E2200D92521 /* Sources */,
				365566D81B230E2200D92521 /* Frameworks */,
				365566D91B230E2200D92521 /* Resources */,
			);
			buildRules = (
			);
			dependencies = (
			);
			name = MyVideoApp;
			productName = MyVideoApp;
			productReference = 365566DB1B230E2200D92521 /* MyVideoApp.app */;
			productType = "com.apple.product-type.application";
		};
		365566F21B230E2200D92521 /* MyVideoAppTests */ = {
			isa = PBXNativeTarget;
			buildConfigurationList = 365567001B230E2200D92521 /* Build configuration list for PBXNativeTarget "MyVideoAppTests" */;
			buildPhases = (
				365566EF1B230E2200D92521 /* Sources */,
				365566F01B230E2200D92521 /* Frameworks */,
				365566F11B230E2200D92521 /* Resources */,
			);
			buildRules = (
			);
			dependencies = (
				365566F51B230E2200D92521 /* PBXTargetDependency */,
			);
			name = MyVideoAppTests;
			productName = MyVideoAppTests;
			productReference = 365566F31B230E2200D92521 /* MyVideoAppTests.xctest */;
			productType = "com.apple.product-type.bundle.unit-test";
		};
/* End PBXNativeTarget section */

/* Begin PBXProject section */
		365566D31B230E2200D92521 /* Project object */ = {
			isa = PBXProject;
			attributes = {
				LastUpgradeCheck = 0630;
				ORGANIZATIONNAME = "Rock Valley College";
				TargetAttributes = {
					365566DA1B230E2200D92521 = {
						CreatedOnToolsVersion = 6.3.1;
					};
					365566F21B230E2200D92521 = {
						CreatedOnToolsVersion = 6.3.1;
						TestTargetID = 365566DA1B230E2200D92521;
					};
				};
			};
			buildConfigurationList = 365566D61B230E2200D92521 /* Build configuration list for PBXProject "MyVideoApp" */;
			compatibilityVersion = "Xcode 3.2";
			developmentRegion = English;
			hasScannedForEncodings = 0;
			knownRegions = (
				en,
				Base,
			);
			mainGroup = 365566D21B230E2200D92521;
			productRefGroup = 365566DC1B230E2200D92521 /* Products */;
			projectDirPath = "";
			projectRoot = "";
			targets = (
				365566DA1B230E2200D92521 /* MyVideoApp */,
				365566F21B230E2200D92521 /* MyVideoAppTests */,
			);
		};
/* End PBXProject section */

/* Begin PBXResourcesBuildPhase section */
		365566D91B230E2200D92521 /* Resources */ = {
			isa = PBXResourcesBuildPhase;
			buildActionMask = 2147483647;
			files = (
				365566E91B230E2200D92521 /* Main.storyboard in Resources */,
				365566EE1B230E2200D92521 /* LaunchScreen.xib in Resources */,
				365566EB1B230E2200D92521 /* Images.xcassets in Resources */,
			);
			runOnlyForDeploymentPostprocessing = 0;
		};
		365566F11B230E2200D92521 /* Resources */ = {
			isa = PBXResourcesBuildPhase;
			buildActionMask = 2147483647;
			files = (
			);
			runOnlyForDeploymentPostprocessing = 0;
		};
/* End PBXResourcesBuildPhase section */

/* Begin PBXSourcesBuildPhase section */
		365566D71B230E2200D92521 /* Sources */ = {
			isa = PBXSourcesBuildPhase;
			buildActionMask = 2147483647;
			files = (
				365566E61B230E2200D92521 /* ViewController.swift in Sources */,
				365566E11B230E2200D92521 /* AppDelegate.swift in Sources */,
				365566E41B230E2200D92521 /* MyVideoApp.xcdatamodeld in Sources */,
				365567041B230EA500D92521 /* VideoTableViewController.swift in Sources */,
				365567061B230FF200D92521 /* Video.swift in Sources */,
			);
			runOnlyForDeploymentPostprocessing = 0;
		};
		365566EF1B230E2200D92521 /* Sources */ = {
			isa = PBXSourcesBuildPhase;
			buildActionMask = 2147483647;
			files = (
				365566FA1B230E2200D92521 /* MyVideoAppTests.swift in Sources */,
			);
			runOnlyForDeploymentPostprocessing = 0;
		};
/* End PBXSourcesBuildPhase section */

/* Begin PBXTargetDependency section */
		365566F51B230E2200D92521 /* PBXTargetDependency */ = {
			isa = PBXTargetDependency;
			target = 365566DA1B230E2200D92521 /* MyVideoApp */;
			targetProxy = 365566F41B230E2200D92521 /* PBXContainerItemProxy */;
		};
/* End PBXTargetDependency section */

/* Begin PBXVariantGroup section */
		365566E71B230E2200D92521 /* Main.storyboard */ = {
			isa = PBXVariantGroup;
			children = (
				365566E81B230E2200D92521 /* Base */,
			);
			name = Main.storyboard;
			sourceTree = "<group>";
		};
		365566EC1B230E2200D92521 /* LaunchScreen.xib */ = {
			isa = PBXVariantGroup;
			children = (
				365566ED1B230E2200D92521 /* Base */,
			);
			name = LaunchScreen.xib;
			sourceTree = "<group>";
		};
/* End PBXVariantGroup section */

/* Begin XCBuildConfiguration section */
		365566FB1B230E2200D92521 /* Debug */ = {
			isa = XCBuildConfiguration;
			buildSettings = {
				ALWAYS_SEARCH_USER_PATHS = NO;
				CLANG_CXX_LANGUAGE_STANDARD = "gnu++0x";
				CLANG_CXX_LIBRARY = "libc++";
				CLANG_ENABLE_MODULES = YES;
				CLANG_ENABLE_OBJC_ARC = YES;
				CLANG_WARN_BOOL_CONVERSION = YES;
				CLANG_WARN_CONSTANT_CONVERSION = YES;
				CLANG_WARN_DIRECT_OBJC_ISA_USAGE = YES_ERROR;
				CLANG_WARN_EMPTY_BODY = YES;
				CLANG_WARN_ENUM_CONVERSION = YES;
				CLANG_WARN_INT_CONVERSION = YES;
				CLANG_WARN_OBJC_ROOT_CLASS = YES_ERROR;
				CLANG_WARN_UNREACHABLE_CODE = YES;
				CLANG_WARN__DUPLICATE_METHOD_MATCH = YES;
				"CODE_SIGN_IDENTITY[sdk=iphoneos*]" = "iPhone Developer";
				COPY_PHASE_STRIP = NO;
				DEBUG_INFORMATION_FORMAT = "dwarf-with-dsym";
				ENABLE_STRICT_OBJC_MSGSEND = YES;
				GCC_C_LANGUAGE_STANDARD = gnu99;
				GCC_DYNAMIC_NO_PIC = NO;
				GCC_NO_COMMON_BLOCKS = YES;
				GCC_OPTIMIZATION_LEVEL = 0;
				GCC_PREPROCESSOR_DEFINITIONS = (
					"DEBUG=1",
					"$(inherited)",
				);
				GCC_SYMBOLS_PRIVATE_EXTERN = NO;
				GCC_WARN_64_TO_32_BIT_CONVERSION = YES;
				GCC_WARN_ABOUT_RETURN_TYPE = YES_ERROR;
				GCC_WARN_UNDECLARED_SELECTOR = YES;
				GCC_WARN_UNINITIALIZED_AUTOS = YES_AGGRESSIVE;
				GCC_WARN_UNUSED_FUNCTION = YES;
				GCC_WARN_UNUSED_VARIABLE = YES;
				IPHONEOS_DEPLOYMENT_TARGET = 8.3;
				MTL_ENABLE_DEBUG_INFO = YES;
				ONLY_ACTIVE_ARCH = YES;
				SDKROOT = iphoneos;
				SWIFT_OPTIMIZATION_LEVEL = "-Onone";
				TARGETED_DEVICE_FAMILY = "1,2";
			};
			name = Debug;
		};
		365566FC1B230E2200D92521 /* Release */ = {
			isa = XCBuildConfiguration;
			buildSettings = {
				ALWAYS_SEARCH_USER_PATHS = NO;
				CLANG_CXX_LANGUAGE_STANDARD = "gnu++0x";
				CLANG_CXX_LIBRARY = "libc++";
				CLANG_ENABLE_MODULES = YES;
				CLANG_ENABLE_OBJC_ARC = YES;
				CLANG_WARN_BOOL_CONVERSION = YES;
				CLANG_WARN_CONSTANT_CONVERSION = YES;
				CLANG_WARN_DIRECT_OBJC_ISA_USAGE = YES_ERROR;
				CLANG_WARN_EMPTY_BODY = YES;
				CLANG_WARN_ENUM_CONVERSION = YES;
				CLANG_WARN_INT_CONVERSION = YES;
				CLANG_WARN_OBJC_ROOT_CLASS = YES_ERROR;
				CLANG_WARN_UNREACHABLE_CODE = YES;
				CLANG_WARN__DUPLICATE_METHOD_MATCH = YES;
				"CODE_SIGN_IDENTITY[sdk=iphoneos*]" = "iPhone Developer";
				COPY_PHASE_STRIP = NO;
				DEBUG_INFORMATION_FORMAT = "dwarf-with-dsym";
				ENABLE_NS_ASSERTIONS = NO;
				ENABLE_STRICT_OBJC_MSGSEND = YES;
				GCC_C_LANGUAGE_STANDARD = gnu99;
				GCC_NO_COMMON_BLOCKS = YES;
				GCC_WARN_64_TO_32_BIT_CONVERSION = YES;
				GCC_WARN_ABOUT_RETURN_TYPE = YES_ERROR;
				GCC_WARN_UNDECLARED_SELECTOR = YES;
				GCC_WARN_UNINITIALIZED_AUTOS = YES_AGGRESSIVE;
				GCC_WARN_UNUSED_FUNCTION = YES;
				GCC_WARN_UNUSED_VARIABLE = YES;
				IPHONEOS_DEPLOYMENT_TARGET = 8.3;
				MTL_ENABLE_DEBUG_INFO = NO;
				SDKROOT = iphoneos;
				TARGETED_DEVICE_FAMILY = "1,2";
				VALIDATE_PRODUCT = YES;
			};
			name = Release;
		};
		365566FE1B230E2200D92521 /* Debug */ = {
			isa = XCBuildConfiguration;
			buildSettings = {
				ASSETCATALOG_COMPILER_APPICON_NAME = AppIcon;
				INFOPLIST_FILE = MyVideoApp/Info.plist;
				IPHONEOS_DEPLOYMENT_TARGET = 8.1;
				LD_RUNPATH_SEARCH_PATHS = "$(inherited) @executable_path/Frameworks";
				PRODUCT_NAME = "$(TARGET_NAME)";
			};
			name = Debug;
		};
		365566FF1B230E2200D92521 /* Release */ = {
			isa = XCBuildConfiguration;
			buildSettings = {
				ASSETCATALOG_COMPILER_APPICON_NAME = AppIcon;
				INFOPLIST_FILE = MyVideoApp/Info.plist;
				IPHONEOS_DEPLOYMENT_TARGET = 8.1;
				LD_RUNPATH_SEARCH_PATHS = "$(inherited) @executable_path/Frameworks";
				PRODUCT_NAME = "$(TARGET_NAME)";
			};
			name = Release;
		};
		365567011B230E2200D92521 /* Debug */ = {
			isa = XCBuildConfiguration;
			buildSettings = {
				BUNDLE_LOADER = "$(TEST_HOST)";
				FRAMEWORK_SEARCH_PATHS = (
					"$(SDKROOT)/Developer/Library/Frameworks",
					"$(inherited)",
				);
				GCC_PREPROCESSOR_DEFINITIONS = (
					"DEBUG=1",
					"$(inherited)",
				);
				INFOPLIST_FILE = MyVideoAppTests/Info.plist;
				LD_RUNPATH_SEARCH_PATHS = "$(inherited) @executable_path/Frameworks @loader_path/Frameworks";
				PRODUCT_NAME = "$(TARGET_NAME)";
				TEST_HOST = "$(BUILT_PRODUCTS_DIR)/MyVideoApp.app/MyVideoApp";
			};
			name = Debug;
		};
		365567021B230E2200D92521 /* Release */ = {
			isa = XCBuildConfiguration;
			buildSettings = {
				BUNDLE_LOADER = "$(TEST_HOST)";
				FRAMEWORK_SEARCH_PATHS = (
					"$(SDKROOT)/Developer/Library/Frameworks",
					"$(inherited)",
				);
				INFOPLIST_FILE = MyVideoAppTests/Info.plist;
				LD_RUNPATH_SEARCH_PATHS = "$(inherited) @executable_path/Frameworks @loader_path/Frameworks";
				PRODUCT_NAME = "$(TARGET_NAME)";
				TEST_HOST = "$(BUILT_PRODUCTS_DIR)/MyVideoApp.app/MyVideoApp";
			};
			name = Release;
		};
/* End XCBuildConfiguration section */

/* Begin XCConfigurationList section */
		365566D61B230E2200D92521 /* Build configuration list for PBXProject "MyVideoApp" */ = {
			isa = XCConfigurationList;
			buildConfigurations = (
				365566FB1B230E2200D92521 /* Debug */,
				365566FC1B230E2200D92521 /* Release */,
			);
			defaultConfigurationIsVisible = 0;
			defaultConfigurationName = Release;
		};
		365566FD1B230E2200D92521 /* Build configuration list for PBXNativeTarget "MyVideoApp" */ = {
			isa = XCConfigurationList;
			buildConfigurations = (
				365566FE1B230E2200D92521 /* Debug */,
				365566FF1B230E2200D92521 /* Release */,
			);
			defaultConfigurationIsVisible = 0;
		};
		365567001B230E2200D92521 /* Build configuration list for PBXNativeTarget "MyVideoAppTests" */ = {
			isa = XCConfigurationList;
			buildConfigurations = (
				365567011B230E2200D92521 /* Debug */,
				365567021B230E2200D92521 /* Release */,
			);
			defaultConfigurationIsVisible = 0;
		};
/* End XCConfigurationList section */

/* Begin XCVersionGroup section */
		365566E21B230E2200D92521 /* MyVideoApp.xcdatamodeld */ = {
			isa = XCVersionGroup;
			children = (
				365566E31B230E2200D92521 /* MyVideoApp.xcdatamodel */,
			);
			currentVersion = 365566E31B230E2200D92521 /* MyVideoApp.xcdatamodel */;
			path = MyVideoApp.xcdatamodeld;
			sourceTree = "<group>";
			versionGroupType = wrapper.xcdatamodel;
		};
/* End XCVersionGroup section */
	};
	rootObject = 365566D31B230E2200D92521 /* Project object */;
}
